
Microsoft Visual Studio Solution File, Format Version 12.00
Project("{FAE04EC0-301F-11D3-BF4B-00C04F79EFBC}") = "sfml-csharp", "sfml-csharp.csproj", "{8C7D1349-CFE5-458D-8A67-BBC9DE7EE9AA}"
EndProject
Global
	GlobalSection(SolutionConfigurationPlatforms) = preSolution
		Debug|Any CPU = Debug|Any CPU
		Release|Any CPU = Release|Any CPU
	EndGlobalSection
	GlobalSection(ProjectConfigurationPlatforms) = postSolution
		{8C7D1349-CFE5-458D-8A67-BBC9DE7EE9AA}.Debug|Any CPU.ActiveCfg = Debug|Any CPU
		{8C7D1349-CFE5-458D-8A67-BBC9DE7EE9AA}.Debug|Any CPU.Build.0 = Debug|Any CPU
		{8C7D1349-CFE5-458D-8A67-BBC9DE7EE9AA}.Release|Any CPU.ActiveCfg = Release|Any CPU
		{8C7D1349-CFE5-458D-8A67-BBC9DE7EE9AA}.Release|Any CPU.Build.0 = Release|Any CPU
	EndGlobalSection
EndGlobal
